
Microsoft Visual Studio Solution File, Format Version 12.00
# Visual Studio 15
VisualStudioVersion = 15.0.26228.9
MinimumVisualStudioVersion = 10.0.40219.1
Project("{FAE04EC0-301F-11D3-BF4B-00C04F79EFBC}") = "tpm", "tpm\tpm\tpm.csproj", "{614F3A16-25C8-4960-B7BD-6AEC61FF927E}"
EndProject
Project("{FAE04EC0-301F-11D3-BF4B-00C04F79EFBC}") = "tpm.Android", "tpm\tpm.Android\tpm.Android.csproj", "{712135B5-C48A-4B5B-A112-635BD4E4313B}"
	ProjectSection(ProjectDependencies) = postProject
		{67F9D3A8-F71E-4428-913F-C37AE82CDB24} = {67F9D3A8-F71E-4428-913F-C37AE82CDB24}
	EndProjectSection
EndProject
Project("{FAE04EC0-301F-11D3-BF4B-00C04F79EFBC}") = "tpm.iOS", "tpm\tpm.iOS\tpm.iOS.csproj", "{8CCD6927-5505-4041-9DCE-E72AA03B7E0E}"
	ProjectSection(ProjectDependencies) = postProject
		{67F9D3A8-F71E-4428-913F-C37AE82CDB24} = {67F9D3A8-F71E-4428-913F-C37AE82CDB24}
	EndProjectSection
EndProject
Project("{FAE04EC0-301F-11D3-BF4B-00C04F79EFBC}") = "DataAccess", "DataAccess\DataAccess.csproj", "{67F9D3A8-F71E-4428-913F-C37AE82CDB24}"
EndProject
Global
	GlobalSection(SolutionConfigurationPlatforms) = preSolution
		Debug|Any CPU = Debug|Any CPU
		Debug|iPhone = Debug|iPhone
		Debug|iPhoneSimulator = Debug|iPhoneSimulator
		Release|Any CPU = Release|Any CPU
		Release|iPhone = Release|iPhone
		Release|iPhoneSimulator = Release|iPhoneSimulator
	EndGlobalSection
	GlobalSection(ProjectConfigurationPlatforms) = postSolution
		{614F3A16-25C8-4960-B7BD-6AEC61FF927E}.Debug|Any CPU.ActiveCfg = Debug|Any CPU
		{614F3A16-25C8-4960-B7BD-6AEC61FF927E}.Debug|Any CPU.Build.0 = Debug|Any CPU
		{614F3A16-25C8-4960-B7BD-6AEC61FF927E}.Debug|iPhone.ActiveCfg = Debug|Any CPU
		{614F3A16-25C8-4960-B7BD-6AEC61FF927E}.Debug|iPhone.Build.0 = Debug|Any CPU
		{614F3A16-25C8-4960-B7BD-6AEC61FF927E}.Debug|iPhoneSimulator.ActiveCfg = Debug|Any CPU
		{614F3A16-25C8-4960-B7BD-6AEC61FF927E}.Debug|iPhoneSimulator.Build.0 = Debug|Any CPU
		{614F3A16-25C8-4960-B7BD-6AEC61FF927E}.Release|Any CPU.ActiveCfg = Release|Any CPU
		{614F3A16-25C8-4960-B7BD-6AEC61FF927E}.Release|Any CPU.Build.0 = Release|Any CPU
		{614F3A16-25C8-4960-B7BD-6AEC61FF927E}.Release|iPhone.ActiveCfg = Release|Any CPU
		{614F3A16-25C8-4960-B7BD-6AEC61FF927E}.Release|iPhone.Build.0 = Release|Any CPU
		{614F3A16-25C8-4960-B7BD-6AEC61FF927E}.Release|iPhoneSimulator.ActiveCfg = Release|Any CPU
		{614F3A16-25C8-4960-B7BD-6AEC61FF927E}.Release|iPhoneSimulator.Build.0 = Release|Any CPU
		{712135B5-C48A-4B5B-A112-635BD4E4313B}.Debug|Any CPU.ActiveCfg = Debug|Any CPU
		{712135B5-C48A-4B5B-A112-635BD4E4313B}.Debug|Any CPU.Build.0 = Debug|Any CPU
		{712135B5-C48A-4B5B-A112-635BD4E4313B}.Debug|Any CPU.Deploy.0 = Debug|Any CPU
		{712135B5-C48A-4B5B-A112-635BD4E4313B}.Debug|iPhone.ActiveCfg = Debug|Any CPU
		{712135B5-C48A-4B5B-A112-635BD4E4313B}.Debug|iPhone.Build.0 = Debug|Any CPU
		{712135B5-C48A-4B5B-A112-635BD4E4313B}.Debug|iPhone.Deploy.0 = Debug|Any CPU
		{712135B5-C48A-4B5B-A112-635BD4E4313B}.Debug|iPhoneSimulator.ActiveCfg = Debug|Any CPU
		{712135B5-C48A-4B5B-A112-635BD4E4313B}.Debug|iPhoneSimulator.Build.0 = Debug|Any CPU
		{712135B5-C48A-4B5B-A112-635BD4E4313B}.Debug|iPhoneSimulator.Deploy.0 = Debug|Any CPU
		{712135B5-C48A-4B5B-A112-635BD4E4313B}.Release|Any CPU.ActiveCfg = Release|Any CPU
		{712135B5-C48A-4B5B-A112-635BD4E4313B}.Release|Any CPU.Build.0 = Release|Any CPU
		{712135B5-C48A-4B5B-A112-635BD4E4313B}.Release|Any CPU.Deploy.0 = Release|Any CPU
		{712135B5-C48A-4B5B-A112-635BD4E4313B}.Release|iPhone.ActiveCfg = Release|Any CPU
		{712135B5-C48A-4B5B-A112-635BD4E4313B}.Release|iPhone.Build.0 = Release|Any CPU
		{712135B5-C48A-4B5B-A112-635BD4E4313B}.Release|iPhone.Deploy.0 = Release|Any CPU
		{712135B5-C48A-4B5B-A112-635BD4E4313B}.Release|iPhoneSimulator.ActiveCfg = Release|Any CPU
		{712135B5-C48A-4B5B-A112-635BD4E4313B}.Release|iPhoneSimulator.Build.0 = Release|Any CPU
		{712135B5-C48A-4B5B-A112-635BD4E4313B}.Release|iPhoneSimulator.Deploy.0 = Release|Any CPU
		{8CCD6927-5505-4041-9DCE-E72AA03B7E0E}.Debug|Any CPU.ActiveCfg = Debug|iPhone
		{8CCD6927-5505-4041-9DCE-E72AA03B7E0E}.Debug|iPhone.ActiveCfg = Debug|iPhone
		{8CCD6927-5505-4041-9DCE-E72AA03B7E0E}.Debug|iPhone.Build.0 = Debug|iPhone
		{8CCD6927-5505-4041-9DCE-E72AA03B7E0E}.Debug|iPhoneSimulator.ActiveCfg = Debug|iPhoneSimulator
		{8CCD6927-5505-4041-9DCE-E72AA03B7E0E}.Debug|iPhoneSimulator.Build.0 = Debug|iPhoneSimulator
		{8CCD6927-5505-4041-9DCE-E72AA03B7E0E}.Release|Any CPU.ActiveCfg = Release|iPhone
		{8CCD6927-5505-4041-9DCE-E72AA03B7E0E}.Release|iPhone.ActiveCfg = Release|iPhone
		{8CCD6927-5505-4041-9DCE-E72AA03B7E0E}.Release|iPhone.Build.0 = Release|iPhone
		{8CCD6927-5505-4041-9DCE-E72AA03B7E0E}.Release|iPhoneSimulator.ActiveCfg = Release|iPhoneSimulator
		{8CCD6927-5505-4041-9DCE-E72AA03B7E0E}.Release|iPhoneSimulator.Build.0 = Release|iPhoneSimulator
		{67F9D3A8-F71E-4428-913F-C37AE82CDB24}.Debug|Any CPU.ActiveCfg = Debug|Any CPU
		{67F9D3A8-F71E-4428-913F-C37AE82CDB24}.Debug|Any CPU.Build.0 = Debug|Any CPU
		{67F9D3A8-F71E-4428-913F-C37AE82CDB24}.Debug|iPhone.ActiveCfg = Debug|Any CPU
		{67F9D3A8-F71E-4428-913F-C37AE82CDB24}.Debug|iPhone.Build.0 = Debug|Any CPU
		{67F9D3A8-F71E-4428-913F-C37AE82CDB24}.Debug|iPhoneSimulator.ActiveCfg = Debug|Any CPU
		{67F9D3A8-F71E-4428-913F-C37AE82CDB24}.Debug|iPhoneSimulator.Build.0 = Debug|Any CPU
		{67F9D3A8-F71E-4428-913F-C37AE82CDB24}.Release|Any CPU.ActiveCfg = Release|Any CPU
		{67F9D3A8-F71E-4428-913F-C37AE82CDB24}.Release|Any CPU.Build.0 = Release|Any CPU
		{67F9D3A8-F71E-4428-913F-C37AE82CDB24}.Release|iPhone.ActiveCfg = Release|Any CPU
		{67F9D3A8-F71E-4428-913F-C37AE82CDB24}.Release|iPhone.Build.0 = Release|Any CPU
		{67F9D3A8-F71E-4428-913F-C37AE82CDB24}.Release|iPhoneSimulator.ActiveCfg = Release|Any CPU
		{67F9D3A8-F71E-4428-913F-C37AE82CDB24}.Release|iPhoneSimulator.Build.0 = Release|Any CPU
	EndGlobalSection
	GlobalSection(SolutionProperties) = preSolution
		HideSolutionNode = FALSE
	EndGlobalSection
EndGlobal
